// !$*UTF8*$!
{
	archiveVersion = 1;
	classes = {
	};
	objectVersion = 50;
	objects = {

/* Begin PBXBuildFile section */
		C62E4A4A25D6693300E60E02 /* AppNavigationView.swift in Sources */ = {isa = PBXBuildFile; fileRef = C62E4A4925D6693300E60E02 /* AppNavigationView.swift */; };
		C62E4A4B25D6693300E60E02 /* AppNavigationView.swift in Sources */ = {isa = PBXBuildFile; fileRef = C62E4A4925D6693300E60E02 /* AppNavigationView.swift */; };
		C62E4A5125D66AF300E60E02 /* AppSidebarNavigationView.swift in Sources */ = {isa = PBXBuildFile; fileRef = C62E4A5025D66AF300E60E02 /* AppSidebarNavigationView.swift */; };
		C62E4A5225D66AF300E60E02 /* AppSidebarNavigationView.swift in Sources */ = {isa = PBXBuildFile; fileRef = C62E4A5025D66AF300E60E02 /* AppSidebarNavigationView.swift */; };
		C62E4A5625D66AFD00E60E02 /* AppTabNavigationView.swift in Sources */ = {isa = PBXBuildFile; fileRef = C62E4A5525D66AFD00E60E02 /* AppTabNavigationView.swift */; };
		C62E4A5725D66AFD00E60E02 /* AppTabNavigationView.swift in Sources */ = {isa = PBXBuildFile; fileRef = C62E4A5525D66AFD00E60E02 /* AppTabNavigationView.swift */; };
		C62E4A6225D6D68B00E60E02 /* WalletView.swift in Sources */ = {isa = PBXBuildFile; fileRef = C62E4A6125D6D68B00E60E02 /* WalletView.swift */; };
		C62E4A6325D6D68B00E60E02 /* WalletView.swift in Sources */ = {isa = PBXBuildFile; fileRef = C62E4A6125D6D68B00E60E02 /* WalletView.swift */; };
		C62E4A6725D6D87000E60E02 /* SendView.swift in Sources */ = {isa = PBXBuildFile; fileRef = C62E4A6625D6D87000E60E02 /* SendView.swift */; };
		C62E4A6825D6D87000E60E02 /* SendView.swift in Sources */ = {isa = PBXBuildFile; fileRef = C62E4A6625D6D87000E60E02 /* SendView.swift */; };
		C62E4A6C25D6D87700E60E02 /* ReceiveView.swift in Sources */ = {isa = PBXBuildFile; fileRef = C62E4A6B25D6D87700E60E02 /* ReceiveView.swift */; };
		C62E4A6D25D6D87700E60E02 /* ReceiveView.swift in Sources */ = {isa = PBXBuildFile; fileRef = C62E4A6B25D6D87700E60E02 /* ReceiveView.swift */; };
		C663B5CB25DACDAF002E06A8 /* AccountView.swift in Sources */ = {isa = PBXBuildFile; fileRef = C663B5CA25DACDAF002E06A8 /* AccountView.swift */; };
		C663B5CC25DACDAF002E06A8 /* AccountView.swift in Sources */ = {isa = PBXBuildFile; fileRef = C663B5CA25DACDAF002E06A8 /* AccountView.swift */; };
		C663B5D925DACE56002E06A8 /* Wallet.swift in Sources */ = {isa = PBXBuildFile; fileRef = C663B5D825DACE56002E06A8 /* Wallet.swift */; };
		C663B5DA25DACE56002E06A8 /* Wallet.swift in Sources */ = {isa = PBXBuildFile; fileRef = C663B5D825DACE56002E06A8 /* Wallet.swift */; };
		C663B5DE25DACE5C002E06A8 /* Account.swift in Sources */ = {isa = PBXBuildFile; fileRef = C663B5DD25DACE5C002E06A8 /* Account.swift */; };
		C663B5DF25DACE5C002E06A8 /* Account.swift in Sources */ = {isa = PBXBuildFile; fileRef = C663B5DD25DACE5C002E06A8 /* Account.swift */; };
		C663B5E325DD5C94002E06A8 /* Transaction.swift in Sources */ = {isa = PBXBuildFile; fileRef = C663B5E225DD5C94002E06A8 /* Transaction.swift */; };
		C663B5E425DD5C94002E06A8 /* Transaction.swift in Sources */ = {isa = PBXBuildFile; fileRef = C663B5E225DD5C94002E06A8 /* Transaction.swift */; };
		C663B5E825DFA3B3002E06A8 /* Blockchain.swift in Sources */ = {isa = PBXBuildFile; fileRef = C663B5E725DFA3B3002E06A8 /* Blockchain.swift */; };
		C663B5E925DFA3B3002E06A8 /* Blockchain.swift in Sources */ = {isa = PBXBuildFile; fileRef = C663B5E725DFA3B3002E06A8 /* Blockchain.swift */; };
		C663B5EF25E0C9DE002E06A8 /* BitcoinCash.swift in Sources */ = {isa = PBXBuildFile; fileRef = C663B5EE25E0C9DE002E06A8 /* BitcoinCash.swift */; };
		C663B5F025E0C9DE002E06A8 /* BitcoinCash.swift in Sources */ = {isa = PBXBuildFile; fileRef = C663B5EE25E0C9DE002E06A8 /* BitcoinCash.swift */; };
		C663B5F925E1313F002E06A8 /* UInt+.swift in Sources */ = {isa = PBXBuildFile; fileRef = C663B5F825E1313F002E06A8 /* UInt+.swift */; };
		C663B5FA25E1313F002E06A8 /* UInt+.swift in Sources */ = {isa = PBXBuildFile; fileRef = C663B5F825E1313F002E06A8 /* UInt+.swift */; };
		C6F4221925CFD22D00884294 /* BarimWalletApp.swift in Sources */ = {isa = PBXBuildFile; fileRef = C6F4220625CFD22D00884294 /* BarimWalletApp.swift */; };
		C6F4221A25CFD22D00884294 /* BarimWalletApp.swift in Sources */ = {isa = PBXBuildFile; fileRef = C6F4220625CFD22D00884294 /* BarimWalletApp.swift */; };
		C6F4221D25CFD22D00884294 /* Assets.xcassets in Resources */ = {isa = PBXBuildFile; fileRef = C6F4220825CFD22D00884294 /* Assets.xcassets */; };
		C6F4221E25CFD22D00884294 /* Assets.xcassets in Resources */ = {isa = PBXBuildFile; fileRef = C6F4220825CFD22D00884294 /* Assets.xcassets */; };
/* End PBXBuildFile section */

/* Begin PBXFileReference section */
		C62E4A4925D6693300E60E02 /* AppNavigationView.swift */ = {isa = PBXFileReference; lastKnownFileType = sourcecode.swift; path = AppNavigationView.swift; sourceTree = "<group>"; };
		C62E4A5025D66AF300E60E02 /* AppSidebarNavigationView.swift */ = {isa = PBXFileReference; lastKnownFileType = sourcecode.swift; path = AppSidebarNavigationView.swift; sourceTree = "<group>"; };
		C62E4A5525D66AFD00E60E02 /* AppTabNavigationView.swift */ = {isa = PBXFileReference; lastKnownFileType = sourcecode.swift; path = AppTabNavigationView.swift; sourceTree = "<group>"; };
		C62E4A6125D6D68B00E60E02 /* WalletView.swift */ = {isa = PBXFileReference; lastKnownFileType = sourcecode.swift; path = WalletView.swift; sourceTree = "<group>"; };
		C62E4A6625D6D87000E60E02 /* SendView.swift */ = {isa = PBXFileReference; lastKnownFileType = sourcecode.swift; path = SendView.swift; sourceTree = "<group>"; };
		C62E4A6B25D6D87700E60E02 /* ReceiveView.swift */ = {isa = PBXFileReference; lastKnownFileType = sourcecode.swift; path = ReceiveView.swift; sourceTree = "<group>"; };
		C663B5CA25DACDAF002E06A8 /* AccountView.swift */ = {isa = PBXFileReference; lastKnownFileType = sourcecode.swift; path = AccountView.swift; sourceTree = "<group>"; };
		C663B5D825DACE56002E06A8 /* Wallet.swift */ = {isa = PBXFileReference; lastKnownFileType = sourcecode.swift; path = Wallet.swift; sourceTree = "<group>"; };
		C663B5DD25DACE5C002E06A8 /* Account.swift */ = {isa = PBXFileReference; lastKnownFileType = sourcecode.swift; path = Account.swift; sourceTree = "<group>"; };
		C663B5E225DD5C94002E06A8 /* Transaction.swift */ = {isa = PBXFileReference; lastKnownFileType = sourcecode.swift; path = Transaction.swift; sourceTree = "<group>"; };
		C663B5E725DFA3B3002E06A8 /* Blockchain.swift */ = {isa = PBXFileReference; lastKnownFileType = sourcecode.swift; path = Blockchain.swift; sourceTree = "<group>"; };
		C663B5EE25E0C9DE002E06A8 /* BitcoinCash.swift */ = {isa = PBXFileReference; lastKnownFileType = sourcecode.swift; path = BitcoinCash.swift; sourceTree = "<group>"; };
		C663B5F825E1313F002E06A8 /* UInt+.swift */ = {isa = PBXFileReference; lastKnownFileType = sourcecode.swift; path = "UInt+.swift"; sourceTree = "<group>"; };
		C6F4220625CFD22D00884294 /* BarimWalletApp.swift */ = {isa = PBXFileReference; lastKnownFileType = sourcecode.swift; path = BarimWalletApp.swift; sourceTree = "<group>"; };
		C6F4220825CFD22D00884294 /* Assets.xcassets */ = {isa = PBXFileReference; lastKnownFileType = folder.assetcatalog; path = Assets.xcassets; sourceTree = "<group>"; };
		C6F4220D25CFD22D00884294 /* BarimWallet.app */ = {isa = PBXFileReference; explicitFileType = wrapper.application; includeInIndex = 0; path = BarimWallet.app; sourceTree = BUILT_PRODUCTS_DIR; };
		C6F4221025CFD22D00884294 /* Info.plist */ = {isa = PBXFileReference; lastKnownFileType = text.plist.xml; path = Info.plist; sourceTree = "<group>"; };
		C6F4221525CFD22D00884294 /* BarimWallet.app */ = {isa = PBXFileReference; explicitFileType = wrapper.application; includeInIndex = 0; path = BarimWallet.app; sourceTree = BUILT_PRODUCTS_DIR; };
		C6F4221725CFD22D00884294 /* Info.plist */ = {isa = PBXFileReference; lastKnownFileType = text.plist.xml; path = Info.plist; sourceTree = "<group>"; };
		C6F4221825CFD22D00884294 /* macOS.entitlements */ = {isa = PBXFileReference; lastKnownFileType = text.plist.entitlements; path = macOS.entitlements; sourceTree = "<group>"; };
/* End PBXFileReference section */

/* Begin PBXFrameworksBuildPhase section */
		C6F4220A25CFD22D00884294 /* Frameworks */ = {
			isa = PBXFrameworksBuildPhase;
			buildActionMask = 2147483647;
			files = (
			);
			runOnlyForDeploymentPostprocessing = 0;
		};
		C6F4221225CFD22D00884294 /* Frameworks */ = {
			isa = PBXFrameworksBuildPhase;
			buildActionMask = 2147483647;
			files = (
			);
			runOnlyForDeploymentPostprocessing = 0;
		};
/* End PBXFrameworksBuildPhase section */

/* Begin PBXGroup section */
		C62E4A5C25D6951C00E60E02 /* Navigation */ = {
			isa = PBXGroup;
			children = (
				C62E4A4925D6693300E60E02 /* AppNavigationView.swift */,
				C62E4A5525D66AFD00E60E02 /* AppTabNavigationView.swift */,
				C62E4A5025D66AF300E60E02 /* AppSidebarNavigationView.swift */,
			);
			path = Navigation;
			sourceTree = "<group>";
		};
		C62E4A5F25D6C09A00E60E02 /* View */ = {
			isa = PBXGroup;
			children = (
				C62E4A5C25D6951C00E60E02 /* Navigation */,
				C663B5CF25DACE11002E06A8 /* Wallet */,
				C663B5D225DACE17002E06A8 /* Send */,
				C663B5D525DACE1C002E06A8 /* Receive */,
			);
			path = View;
			sourceTree = "<group>";
		};
		C62E4A6025D6C09F00E60E02 /* Model */ = {
			isa = PBXGroup;
			children = (
				C663B5E725DFA3B3002E06A8 /* Blockchain.swift */,
				C663B5EE25E0C9DE002E06A8 /* BitcoinCash.swift */,
				C663B5D825DACE56002E06A8 /* Wallet.swift */,
				C663B5DD25DACE5C002E06A8 /* Account.swift */,
				C663B5E225DD5C94002E06A8 /* Transaction.swift */,
			);
			path = Model;
			sourceTree = "<group>";
		};
		C663B5CF25DACE11002E06A8 /* Wallet */ = {
			isa = PBXGroup;
			children = (
				C62E4A6125D6D68B00E60E02 /* WalletView.swift */,
				C663B5CA25DACDAF002E06A8 /* AccountView.swift */,
			);
			path = Wallet;
			sourceTree = "<group>";
		};
		C663B5D225DACE17002E06A8 /* Send */ = {
			isa = PBXGroup;
			children = (
				C62E4A6625D6D87000E60E02 /* SendView.swift */,
			);
			path = Send;
			sourceTree = "<group>";
		};
		C663B5D525DACE1C002E06A8 /* Receive */ = {
			isa = PBXGroup;
			children = (
				C62E4A6B25D6D87700E60E02 /* ReceiveView.swift */,
			);
			path = Receive;
			sourceTree = "<group>";
		};
		C663B5F725E13124002E06A8 /* Extension */ = {
			isa = PBXGroup;
			children = (
				C663B5F825E1313F002E06A8 /* UInt+.swift */,
			);
			path = Extension;
			sourceTree = "<group>";
		};
		C6F4220025CFD22D00884294 = {
			isa = PBXGroup;
			children = (
				C6F4220525CFD22D00884294 /* Shared */,
				C6F4220F25CFD22D00884294 /* iOS */,
				C6F4221625CFD22D00884294 /* macOS */,
				C6F4220E25CFD22D00884294 /* Products */,
			);
			sourceTree = "<group>";
		};
		C6F4220525CFD22D00884294 /* Shared */ = {
			isa = PBXGroup;
			children = (
				C663B5F725E13124002E06A8 /* Extension */,
				C6F4220625CFD22D00884294 /* BarimWalletApp.swift */,
				C62E4A6025D6C09F00E60E02 /* Model */,
				C62E4A5F25D6C09A00E60E02 /* View */,
				C6F4220825CFD22D00884294 /* Assets.xcassets */,
			);
			path = Shared;
			sourceTree = "<group>";
		};
		C6F4220E25CFD22D00884294 /* Products */ = {
			isa = PBXGroup;
			children = (
				C6F4220D25CFD22D00884294 /* BarimWallet.app */,
				C6F4221525CFD22D00884294 /* BarimWallet.app */,
			);
			name = Products;
			sourceTree = "<group>";
		};
		C6F4220F25CFD22D00884294 /* iOS */ = {
			isa = PBXGroup;
			children = (
				C6F4221025CFD22D00884294 /* Info.plist */,
			);
			path = iOS;
			sourceTree = "<group>";
		};
		C6F4221625CFD22D00884294 /* macOS */ = {
			isa = PBXGroup;
			children = (
				C6F4221725CFD22D00884294 /* Info.plist */,
				C6F4221825CFD22D00884294 /* macOS.entitlements */,
			);
			path = macOS;
			sourceTree = "<group>";
		};
/* End PBXGroup section */

/* Begin PBXNativeTarget section */
		C6F4220C25CFD22D00884294 /* BarimWallet (iOS) */ = {
			isa = PBXNativeTarget;
			buildConfigurationList = C6F4222125CFD22D00884294 /* Build configuration list for PBXNativeTarget "BarimWallet (iOS)" */;
			buildPhases = (
				C6F4220925CFD22D00884294 /* Sources */,
				C6F4220A25CFD22D00884294 /* Frameworks */,
				C6F4220B25CFD22D00884294 /* Resources */,
			);
			buildRules = (
			);
			dependencies = (
			);
			name = "BarimWallet (iOS)";
			productName = "BarimWallet (iOS)";
			productReference = C6F4220D25CFD22D00884294 /* BarimWallet.app */;
			productType = "com.apple.product-type.application";
		};
		C6F4221425CFD22D00884294 /* BarimWallet (macOS) */ = {
			isa = PBXNativeTarget;
			buildConfigurationList = C6F4222425CFD22D00884294 /* Build configuration list for PBXNativeTarget "BarimWallet (macOS)" */;
			buildPhases = (
				C6F4221125CFD22D00884294 /* Sources */,
				C6F4221225CFD22D00884294 /* Frameworks */,
				C6F4221325CFD22D00884294 /* Resources */,
			);
			buildRules = (
			);
			dependencies = (
			);
			name = "BarimWallet (macOS)";
			productName = "BarimWallet (macOS)";
			productReference = C6F4221525CFD22D00884294 /* BarimWallet.app */;
			productType = "com.apple.product-type.application";
		};
/* End PBXNativeTarget section */

/* Begin PBXProject section */
		C6F4220125CFD22D00884294 /* Project object */ = {
			isa = PBXProject;
			attributes = {
				LastSwiftUpdateCheck = 1240;
				LastUpgradeCheck = 1240;
				TargetAttributes = {
					C6F4220C25CFD22D00884294 = {
						CreatedOnToolsVersion = 12.4;
					};
					C6F4221425CFD22D00884294 = {
						CreatedOnToolsVersion = 12.4;
					};
				};
			};
			buildConfigurationList = C6F4220425CFD22D00884294 /* Build configuration list for PBXProject "BarimWallet" */;
			compatibilityVersion = "Xcode 9.3";
			developmentRegion = en;
			hasScannedForEncodings = 0;
			knownRegions = (
				en,
				Base,
			);
			mainGroup = C6F4220025CFD22D00884294;
			productRefGroup = C6F4220E25CFD22D00884294 /* Products */;
			projectDirPath = "";
			projectRoot = "";
			targets = (
				C6F4220C25CFD22D00884294 /* BarimWallet (iOS) */,
				C6F4221425CFD22D00884294 /* BarimWallet (macOS) */,
			);
		};
/* End PBXProject section */

/* Begin PBXResourcesBuildPhase section */
		C6F4220B25CFD22D00884294 /* Resources */ = {
			isa = PBXResourcesBuildPhase;
			buildActionMask = 2147483647;
			files = (
				C6F4221D25CFD22D00884294 /* Assets.xcassets in Resources */,
			);
			runOnlyForDeploymentPostprocessing = 0;
		};
		C6F4221325CFD22D00884294 /* Resources */ = {
			isa = PBXResourcesBuildPhase;
			buildActionMask = 2147483647;
			files = (
				C6F4221E25CFD22D00884294 /* Assets.xcassets in Resources */,
			);
			runOnlyForDeploymentPostprocessing = 0;
		};
/* End PBXResourcesBuildPhase section */

/* Begin PBXSourcesBuildPhase section */
		C6F4220925CFD22D00884294 /* Sources */ = {
			isa = PBXSourcesBuildPhase;
			buildActionMask = 2147483647;
			files = (
				C663B5E325DD5C94002E06A8 /* Transaction.swift in Sources */,
				C62E4A5625D66AFD00E60E02 /* AppTabNavigationView.swift in Sources */,
				C62E4A6C25D6D87700E60E02 /* ReceiveView.swift in Sources */,
				C62E4A6225D6D68B00E60E02 /* WalletView.swift in Sources */,
				C62E4A6725D6D87000E60E02 /* SendView.swift in Sources */,
				C663B5E825DFA3B3002E06A8 /* Blockchain.swift in Sources */,
				C663B5CB25DACDAF002E06A8 /* AccountView.swift in Sources */,
				C663B5DE25DACE5C002E06A8 /* Account.swift in Sources */,
				C62E4A5125D66AF300E60E02 /* AppSidebarNavigationView.swift in Sources */,
				C663B5F925E1313F002E06A8 /* UInt+.swift in Sources */,
				C663B5D925DACE56002E06A8 /* Wallet.swift in Sources */,
				C6F4221925CFD22D00884294 /* BarimWalletApp.swift in Sources */,
				C663B5EF25E0C9DE002E06A8 /* BitcoinCash.swift in Sources */,
				C62E4A4A25D6693300E60E02 /* AppNavigationView.swift in Sources */,
			);
			runOnlyForDeploymentPostprocessing = 0;
		};
		C6F4221125CFD22D00884294 /* Sources */ = {
			isa = PBXSourcesBuildPhase;
			buildActionMask = 2147483647;
			files = (
				C663B5E425DD5C94002E06A8 /* Transaction.swift in Sources */,
				C62E4A5725D66AFD00E60E02 /* AppTabNavigationView.swift in Sources */,
				C62E4A6D25D6D87700E60E02 /* ReceiveView.swift in Sources */,
				C62E4A6325D6D68B00E60E02 /* WalletView.swift in Sources */,
				C62E4A6825D6D87000E60E02 /* SendView.swift in Sources */,
				C663B5E925DFA3B3002E06A8 /* Blockchain.swift in Sources */,
				C663B5CC25DACDAF002E06A8 /* AccountView.swift in Sources */,
				C663B5DF25DACE5C002E06A8 /* Account.swift in Sources */,
				C62E4A5225D66AF300E60E02 /* AppSidebarNavigationView.swift in Sources */,
				C663B5FA25E1313F002E06A8 /* UInt+.swift in Sources */,
				C663B5DA25DACE56002E06A8 /* Wallet.swift in Sources */,
				C6F4221A25CFD22D00884294 /* BarimWalletApp.swift in Sources */,
				C663B5F025E0C9DE002E06A8 /* BitcoinCash.swift in Sources */,
				C62E4A4B25D6693300E60E02 /* AppNavigationView.swift in Sources */,
			);
			runOnlyForDeploymentPostprocessing = 0;
		};
/* End PBXSourcesBuildPhase section */

/* Begin XCBuildConfiguration section */
		C6F4221F25CFD22D00884294 /* Debug */ = {
			isa = XCBuildConfiguration;
			buildSettings = {
				ALWAYS_SEARCH_USER_PATHS = NO;
				CLANG_ANALYZER_NONNULL = YES;
				CLANG_ANALYZER_NUMBER_OBJECT_CONVERSION = YES_AGGRESSIVE;
				CLANG_CXX_LANGUAGE_STANDARD = "gnu++14";
				CLANG_CXX_LIBRARY = "libc++";
				CLANG_ENABLE_MODULES = YES;
				CLANG_ENABLE_OBJC_ARC = YES;
				CLANG_ENABLE_OBJC_WEAK = YES;
				CLANG_WARN_BLOCK_CAPTURE_AUTORELEASING = YES;
				CLANG_WARN_BOOL_CONVERSION = YES;
				CLANG_WARN_COMMA = YES;
				CLANG_WARN_CONSTANT_CONVERSION = YES;
				CLANG_WARN_DEPRECATED_OBJC_IMPLEMENTATIONS = YES;
				CLANG_WARN_DIRECT_OBJC_ISA_USAGE = YES_ERROR;
				CLANG_WARN_DOCUMENTATION_COMMENTS = YES;
				CLANG_WARN_EMPTY_BODY = YES;
				CLANG_WARN_ENUM_CONVERSION = YES;
				CLANG_WARN_INFINITE_RECURSION = YES;
				CLANG_WARN_INT_CONVERSION = YES;
				CLANG_WARN_NON_LITERAL_NULL_CONVERSION = YES;
				CLANG_WARN_OBJC_IMPLICIT_RETAIN_SELF = YES;
				CLANG_WARN_OBJC_LITERAL_CONVERSION = YES;
				CLANG_WARN_OBJC_ROOT_CLASS = YES_ERROR;
				CLANG_WARN_QUOTED_INCLUDE_IN_FRAMEWORK_HEADER = YES;
				CLANG_WARN_RANGE_LOOP_ANALYSIS = YES;
				CLANG_WARN_STRICT_PROTOTYPES = YES;
				CLANG_WARN_SUSPICIOUS_MOVE = YES;
				CLANG_WARN_UNGUARDED_AVAILABILITY = YES_AGGRESSIVE;
				CLANG_WARN_UNREACHABLE_CODE = YES;
				CLANG_WARN__DUPLICATE_METHOD_MATCH = YES;
				COPY_PHASE_STRIP = NO;
				DEBUG_INFORMATION_FORMAT = dwarf;
				ENABLE_STRICT_OBJC_MSGSEND = YES;
				ENABLE_TESTABILITY = YES;
				GCC_C_LANGUAGE_STANDARD = gnu11;
				GCC_DYNAMIC_NO_PIC = NO;
				GCC_NO_COMMON_BLOCKS = YES;
				GCC_OPTIMIZATION_LEVEL = 0;
				GCC_PREPROCESSOR_DEFINITIONS = (
					"DEBUG=1",
					"$(inherited)",
				);
				GCC_WARN_64_TO_32_BIT_CONVERSION = YES;
				GCC_WARN_ABOUT_RETURN_TYPE = YES_ERROR;
				GCC_WARN_UNDECLARED_SELECTOR = YES;
				GCC_WARN_UNINITIALIZED_AUTOS = YES_AGGRESSIVE;
				GCC_WARN_UNUSED_FUNCTION = YES;
				GCC_WARN_UNUSED_VARIABLE = YES;
				MTL_ENABLE_DEBUG_INFO = INCLUDE_SOURCE;
				MTL_FAST_MATH = YES;
				ONLY_ACTIVE_ARCH = YES;
				SWIFT_ACTIVE_COMPILATION_CONDITIONS = DEBUG;
				SWIFT_OPTIMIZATION_LEVEL = "-Onone";
			};
			name = Debug;
		};
		C6F4222025CFD22D00884294 /* Release */ = {
			isa = XCBuildConfiguration;
			buildSettings = {
				ALWAYS_SEARCH_USER_PATHS = NO;
				CLANG_ANALYZER_NONNULL = YES;
				CLANG_ANALYZER_NUMBER_OBJECT_CONVERSION = YES_AGGRESSIVE;
				CLANG_CXX_LANGUAGE_STANDARD = "gnu++14";
				CLANG_CXX_LIBRARY = "libc++";
				CLANG_ENABLE_MODULES = YES;
				CLANG_ENABLE_OBJC_ARC = YES;
				CLANG_ENABLE_OBJC_WEAK = YES;
				CLANG_WARN_BLOCK_CAPTURE_AUTORELEASING = YES;
				CLANG_WARN_BOOL_CONVERSION = YES;
				CLANG_WARN_COMMA = YES;
				CLANG_WARN_CONSTANT_CONVERSION = YES;
				CLANG_WARN_DEPRECATED_OBJC_IMPLEMENTATIONS = YES;
				CLANG_WARN_DIRECT_OBJC_ISA_USAGE = YES_ERROR;
				CLANG_WARN_DOCUMENTATION_COMMENTS = YES;
				CLANG_WARN_EMPTY_BODY = YES;
				CLANG_WARN_ENUM_CONVERSION = YES;
				CLANG_WARN_INFINITE_RECURSION = YES;
				CLANG_WARN_INT_CONVERSION = YES;
				CLANG_WARN_NON_LITERAL_NULL_CONVERSION = YES;
				CLANG_WARN_OBJC_IMPLICIT_RETAIN_SELF = YES;
				CLANG_WARN_OBJC_LITERAL_CONVERSION = YES;
				CLANG_WARN_OBJC_ROOT_CLASS = YES_ERROR;
				CLANG_WARN_QUOTED_INCLUDE_IN_FRAMEWORK_HEADER = YES;
				CLANG_WARN_RANGE_LOOP_ANALYSIS = YES;
				CLANG_WARN_STRICT_PROTOTYPES = YES;
				CLANG_WARN_SUSPICIOUS_MOVE = YES;
				CLANG_WARN_UNGUARDED_AVAILABILITY = YES_AGGRESSIVE;
				CLANG_WARN_UNREACHABLE_CODE = YES;
				CLANG_WARN__DUPLICATE_METHOD_MATCH = YES;
				COPY_PHASE_STRIP = NO;
				DEBUG_INFORMATION_FORMAT = "dwarf-with-dsym";
				ENABLE_NS_ASSERTIONS = NO;
				ENABLE_STRICT_OBJC_MSGSEND = YES;
				GCC_C_LANGUAGE_STANDARD = gnu11;
				GCC_NO_COMMON_BLOCKS = YES;
				GCC_WARN_64_TO_32_BIT_CONVERSION = YES;
				GCC_WARN_ABOUT_RETURN_TYPE = YES_ERROR;
				GCC_WARN_UNDECLARED_SELECTOR = YES;
				GCC_WARN_UNINITIALIZED_AUTOS = YES_AGGRESSIVE;
				GCC_WARN_UNUSED_FUNCTION = YES;
				GCC_WARN_UNUSED_VARIABLE = YES;
				MTL_ENABLE_DEBUG_INFO = NO;
				MTL_FAST_MATH = YES;
				SWIFT_COMPILATION_MODE = wholemodule;
				SWIFT_OPTIMIZATION_LEVEL = "-O";
			};
			name = Release;
		};
		C6F4222225CFD22D00884294 /* Debug */ = {
			isa = XCBuildConfiguration;
			buildSettings = {
				ASSETCATALOG_COMPILER_APPICON_NAME = AppIcon;
				ASSETCATALOG_COMPILER_GLOBAL_ACCENT_COLOR_NAME = AccentColor;
				CODE_SIGN_STYLE = Automatic;
				DEVELOPMENT_TEAM = J8VY3872TH;
				ENABLE_PREVIEWS = YES;
				INFOPLIST_FILE = iOS/Info.plist;
				IPHONEOS_DEPLOYMENT_TARGET = 14.0;
				LD_RUNPATH_SEARCH_PATHS = (
					"$(inherited)",
					"@executable_path/Frameworks",
				);
				PRODUCT_BUNDLE_IDENTIFIER = com.AnalogBarim.BarimWallet;
				PRODUCT_NAME = BarimWallet;
				SDKROOT = iphoneos;
				SWIFT_VERSION = 5.0;
				TARGETED_DEVICE_FAMILY = "1,2";
			};
			name = Debug;
		};
		C6F4222325CFD22D00884294 /* Release */ = {
			isa = XCBuildConfiguration;
			buildSettings = {
				ASSETCATALOG_COMPILER_APPICON_NAME = AppIcon;
				ASSETCATALOG_COMPILER_GLOBAL_ACCENT_COLOR_NAME = AccentColor;
				CODE_SIGN_STYLE = Automatic;
				DEVELOPMENT_TEAM = J8VY3872TH;
				ENABLE_PREVIEWS = YES;
				INFOPLIST_FILE = iOS/Info.plist;
				IPHONEOS_DEPLOYMENT_TARGET = 14.0;
				LD_RUNPATH_SEARCH_PATHS = (
					"$(inherited)",
					"@executable_path/Frameworks",
				);
				PRODUCT_BUNDLE_IDENTIFIER = com.AnalogBarim.BarimWallet;
				PRODUCT_NAME = BarimWallet;
				SDKROOT = iphoneos;
				SWIFT_VERSION = 5.0;
				TARGETED_DEVICE_FAMILY = "1,2";
				VALIDATE_PRODUCT = YES;
			};
			name = Release;
		};
		C6F4222525CFD22D00884294 /* Debug */ = {
			isa = XCBuildConfiguration;
			buildSettings = {
				ASSETCATALOG_COMPILER_APPICON_NAME = AppIcon;
				ASSETCATALOG_COMPILER_GLOBAL_ACCENT_COLOR_NAME = AccentColor;
				CODE_SIGN_ENTITLEMENTS = macOS/macOS.entitlements;
				CODE_SIGN_STYLE = Automatic;
				COMBINE_HIDPI_IMAGES = YES;
				DEVELOPMENT_TEAM = J8VY3872TH;
				ENABLE_HARDENED_RUNTIME = YES;
				ENABLE_PREVIEWS = YES;
				INFOPLIST_FILE = macOS/Info.plist;
				LD_RUNPATH_SEARCH_PATHS = (
					"$(inherited)",
					"@executable_path/../Frameworks",
				);
				MACOSX_DEPLOYMENT_TARGET = 11.0;
				PRODUCT_BUNDLE_IDENTIFIER = com.AnalogBarim.BarimWallet;
				PRODUCT_NAME = BarimWallet;
				SDKROOT = macosx;
				SWIFT_VERSION = 5.0;
			};
			name = Debug;
		};
		C6F4222625CFD22D00884294 /* Release */ = {
			isa = XCBuildConfiguration;
			buildSettings = {
				ASSETCATALOG_COMPILER_APPICON_NAME = AppIcon;
				ASSETCATALOG_COMPILER_GLOBAL_ACCENT_COLOR_NAME = AccentColor;
				CODE_SIGN_ENTITLEMENTS = macOS/macOS.entitlements;
				CODE_SIGN_STYLE = Automatic;
				COMBINE_HIDPI_IMAGES = YES;
				DEVELOPMENT_TEAM = J8VY3872TH;
				ENABLE_HARDENED_RUNTIME = YES;
				ENABLE_PREVIEWS = YES;
				INFOPLIST_FILE = macOS/Info.plist;
				LD_RUNPATH_SEARCH_PATHS = (
					"$(inherited)",
					"@executable_path/../Frameworks",
				);
				MACOSX_DEPLOYMENT_TARGET = 11.0;
				PRODUCT_BUNDLE_IDENTIFIER = com.AnalogBarim.BarimWallet;
				PRODUCT_NAME = BarimWallet;
				SDKROOT = macosx;
				SWIFT_VERSION = 5.0;
			};
			name = Release;
		};
/* End XCBuildConfiguration section */

/* Begin XCConfigurationList section */
		C6F4220425CFD22D00884294 /* Build configuration list for PBXProject "BarimWallet" */ = {
			isa = XCConfigurationList;
			buildConfigurations = (
				C6F4221F25CFD22D00884294 /* Debug */,
				C6F4222025CFD22D00884294 /* Release */,
			);
			defaultConfigurationIsVisible = 0;
			defaultConfigurationName = Release;
		};
		C6F4222125CFD22D00884294 /* Build configuration list for PBXNativeTarget "BarimWallet (iOS)" */ = {
			isa = XCConfigurationList;
			buildConfigurations = (
				C6F4222225CFD22D00884294 /* Debug */,
				C6F4222325CFD22D00884294 /* Release */,
			);
			defaultConfigurationIsVisible = 0;
			defaultConfigurationName = Release;
		};
		C6F4222425CFD22D00884294 /* Build configuration list for PBXNativeTarget "BarimWallet (macOS)" */ = {
			isa = XCConfigurationList;
			buildConfigurations = (
				C6F4222525CFD22D00884294 /* Debug */,
				C6F4222625CFD22D00884294 /* Release */,
			);
			defaultConfigurationIsVisible = 0;
			defaultConfigurationName = Release;
		};
/* End XCConfigurationList section */
	};
	rootObject = C6F4220125CFD22D00884294 /* Project object */;
}
